{
  "name": "khinkali_counter",
  "version": "1.0.0",
  "lockfileVersion": 2,
  "requires": true,
  "packages": {
    "": {
      "name": "khinkali_counter",
      "version": "1.0.0",
      "license": "ISC",
      "dependencies": {
        "cra": "^0.0.0"
      }
    },
    "node_modules/cra": {
      "version": "0.0.0",
      "resolved": "https://registry.npmjs.org/cra/-/cra-0.0.0.tgz",
      "integrity": "sha1-tlxpzEAHi93ZvSUMqVWnZiBiOlE="
    }
  },
  "dependencies": {
    "cra": {
      "version": "0.0.0",
      "resolved": "https://registry.npmjs.org/cra/-/cra-0.0.0.tgz",
      "integrity": "sha1-tlxpzEAHi93ZvSUMqVWnZiBiOlE="
    }
  }
}
